
Microsoft Visual Studio Solution File, Format Version 12.00
# Visual Studio Version 16
VisualStudioVersion = 16.0.30204.135
MinimumVisualStudioVersion = 10.0.40219.1
Project("{FAE04EC0-301F-11D3-BF4B-00C04F79EFBC}") = "MyFirstWebsite", "MyFirstWebsite\MyFirstWebsite.csproj", "{3537D0FA-8B26-4CF6-8B4A-23BFADB55D02}"
EndProject
Global
	GlobalSection(SolutionConfigurationPlatforms) = preSolution
		Debug|Any CPU = Debug|Any CPU
		Release|Any CPU = Release|Any CPU
	EndGlobalSection
	GlobalSection(ProjectConfigurationPlatforms) = postSolution
		{3537D0FA-8B26-4CF6-8B4A-23BFADB55D02}.Debug|Any CPU.ActiveCfg = Debug|Any CPU
		{3537D0FA-8B26-4CF6-8B4A-23BFADB55D02}.Debug|Any CPU.Build.0 = Debug|Any CPU
		{3537D0FA-8B26-4CF6-8B4A-23BFADB55D02}.Release|Any CPU.ActiveCfg = Release|Any CPU
		{3537D0FA-8B26-4CF6-8B4A-23BFADB55D02}.Release|Any CPU.Build.0 = Release|Any CPU
	EndGlobalSection
	GlobalSection(SolutionProperties) = preSolution
		HideSolutionNode = FALSE
	EndGlobalSection
	GlobalSection(ExtensibilityGlobals) = postSolution
		SolutionGuid = {6B287AAA-5A5C-4A91-870E-9B664B2A4672}
	EndGlobalSection
EndGlobal
